github.com/vultisig/commondata v0.0.0-20250710214228-61d9ed8f7778 h1:XJ1hoo37JKGLmfxD4wYhXO8TJFBdUBnbxxK+zagJ4c4=
github.com/vultisig/commondata v0.0.0-20250710214228-61d9ed8f7778/go.mod h1:UMc5q0Myab+BvzAe67UQrXTXwKGYNxK7bky7DJM+dl8=
github.com/vultisig/mobile-tss-lib v0.0.0-20250316003201-2e7e570a4a74 h1:goqwk4nQ/NEVIb3OPP9SUx7/u9ZfsUIcd5fIN/e4DVU=
github.com/vultisig/mobile-tss-lib v0.0.0-20250316003201-2e7e570a4a74/go.mod h1:nOykk4nOy1L3yXtLSlYvVsgizBnCQ3tR2N5uwGPdvaM=
google.golang.org/protobuf v1.36.6 h1:z1NpPI8ku2WgiWnf+t9wTPsn6eP1L7ksHUlkfLvd9xY=
google.golang.org/protobuf v1.36.6/go.mod h1:jduwjTPXsFjZGTmRluh+L6NjiWu7pchiJ2/5YcXBHnY=
